
Microsoft Visual Studio Solution File, Format Version 12.00
# Visual Studio 15
VisualStudioVersion = 15.0.26730.16
MinimumVisualStudioVersion = 10.0.40219.1
Project("{D2ABAB84-BF74-430A-B69E-9DC6D40DDA17}") = "MDSakilaProjectMaryana", "MDSakilaProjectMaryana\MDSakilaProjectMaryana.dwproj", "{4BFF158B-1479-4C2E-B994-0E9279D7B139}"
EndProject
Project("{2150E333-8FDC-42A3-9474-1A3956D46DE8}") = "Solution Items", "Solution Items", "{1B33D3B7-E4B2-4FB1-857C-BE14D58A1426}"
	ProjectSection(SolutionItems) = preProject
		ReadME.md = ReadME.md
	EndProjectSection
EndProject
Global
	GlobalSection(SolutionConfigurationPlatforms) = preSolution
		Development|Default = Development|Default
	EndGlobalSection
	GlobalSection(ProjectConfigurationPlatforms) = postSolution
		{4BFF158B-1479-4C2E-B994-0E9279D7B139}.Development|Default.ActiveCfg = Development
		{4BFF158B-1479-4C2E-B994-0E9279D7B139}.Development|Default.Build.0 = Development
		{4BFF158B-1479-4C2E-B994-0E9279D7B139}.Development|Default.Deploy.0 = Development
	EndGlobalSection
	GlobalSection(SolutionProperties) = preSolution
		HideSolutionNode = FALSE
	EndGlobalSection
	GlobalSection(ExtensibilityGlobals) = postSolution
		SolutionGuid = {6ED6E534-74C6-46FF-9A10-14A78619979D}
	EndGlobalSection
EndGlobal
